PODS:
  - AWSAutoScaling (2.2.5):
    - AWSCore (= 2.2.5)
  - AWSCloudWatch (2.2.5):
    - AWSCore (= 2.2.5)
  - AWSCognito (2.2.5):
    - AWSCore (= 2.2.5)
  - AWSCore (2.2.5)
  - AWSDynamoDB (2.2.5):
    - AWSCore (= 2.2.5)
  - AWSEC2 (2.2.5):
    - AWSCore (= 2.2.5)
  - AWSElasticLoadBalancing (2.2.5):
    - AWSCore (= 2.2.5)
  - AWSiOSSDKv2 (2.2.5):
    - AWSiOSSDKv2/AutoScaling (= 2.2.5)
    - AWSiOSSDKv2/AWSCore (= 2.2.5)
    - AWSiOSSDKv2/CloudWatch (= 2.2.5)
    - AWSiOSSDKv2/DynamoDB (= 2.2.5)
    - AWSiOSSDKv2/EC2 (= 2.2.5)
    - AWSiOSSDKv2/ElasticLoadBalancing (= 2.2.5)
    - AWSiOSSDKv2/Kinesis (= 2.2.5)
    - AWSiOSSDKv2/MobileAnalytics (= 2.2.5)
    - AWSiOSSDKv2/S3 (= 2.2.5)
    - AWSiOSSDKv2/SES (= 2.2.5)
    - AWSiOSSDKv2/SimpleDB (= 2.2.5)
    - AWSiOSSDKv2/SNS (= 2.2.5)
    - AWSiOSSDKv2/SQS (= 2.2.5)
  - AWSiOSSDKv2/AutoScaling (2.2.5):
    - AWSAutoScaling (= 2.2.5)
  - AWSiOSSDKv2/AWSCore (2.2.5):
    - AWSCore (= 2.2.5)
  - AWSiOSSDKv2/CloudWatch (2.2.5):
    - AWSCloudWatch (= 2.2.5)
  - AWSiOSSDKv2/DynamoDB (2.2.5):
    - AWSDynamoDB (= 2.2.5)
  - AWSiOSSDKv2/EC2 (2.2.5):
    - AWSEC2 (= 2.2.5)
  - AWSiOSSDKv2/ElasticLoadBalancing (2.2.5):
    - AWSElasticLoadBalancing (= 2.2.5)
  - AWSiOSSDKv2/Kinesis (2.2.5):
    - AWSKinesis (= 2.2.5)
  - AWSiOSSDKv2/MobileAnalytics (2.2.5):
    - AWSMobileAnalytics (= 2.2.5)
  - AWSiOSSDKv2/S3 (2.2.5):
    - AWSS3 (= 2.2.5)
  - AWSiOSSDKv2/SES (2.2.5):
    - AWSSES (= 2.2.5)
  - AWSiOSSDKv2/SimpleDB (2.2.5):
    - AWSSimpleDB (= 2.2.5)
  - AWSiOSSDKv2/SNS (2.2.5):
    - AWSSNS (= 2.2.5)
  - AWSiOSSDKv2/SQS (2.2.5):
    - AWSSQS (= 2.2.5)
  - AWSKinesis (2.2.5):
    - AWSCore (= 2.2.5)
  - AWSMobileAnalytics (2.2.5):
    - AWSCore (= 2.2.5)
  - AWSS3 (2.2.5):
    - AWSCore (= 2.2.5)
  - AWSSES (2.2.5):
    - AWSCore (= 2.2.5)
  - AWSSimpleDB (2.2.5):
    - AWSCore (= 2.2.5)
  - AWSSNS (2.2.5):
    - AWSCore (= 2.2.5)
  - AWSSQS (2.2.5):
    - AWSCore (= 2.2.5)
  - Bolts (1.2.1):
    - Bolts/AppLinks (= 1.2.1)
    - Bolts/Tasks (= 1.2.1)
  - Bolts/AppLinks (1.2.1):
    - Bolts/Tasks
  - Bolts/Tasks (1.2.1)
  - NSPCoreUtils/NSPBoltsUtils (0.0.3):
    - Bolts
    - NSPCoreUtils/NSPCollectionUtils
  - NSPCoreUtils/NSPCollectionUtils (0.0.3)
  - NSPCoreUtils/NSPDefines (0.0.3)
  - NSPCoreUtils/NSPLogger (0.0.3)
  - NSPCoreUtils/NSPTypeCheck (0.0.3)

DEPENDENCIES:
  - AWSCognito (~> 2.2.0)
  - AWSCore (~> 2.2.0)
  - AWSiOSSDKv2 (~> 2.2.0)
  - Bolts
  - NSPCoreUtils/NSPBoltsUtils
  - NSPCoreUtils/NSPCollectionUtils
  - NSPCoreUtils/NSPDefines
  - NSPCoreUtils/NSPLogger
  - NSPCoreUtils/NSPTypeCheck

SPEC CHECKSUMS:
  AWSAutoScaling: 0a0888d1646695c6668ba060108b7a690c2304f6
  AWSCloudWatch: 70aa7722b0368e8ce5c893564885d8ad57b606c3
  AWSCognito: df121e01df20a03de311a9cf708cbc25efdb3248
  AWSCore: 101929899cea9febd4ea4fc85774a63ff17cf809
  AWSDynamoDB: ddb6d2cea58673ba44266534e87409f42fdda1ec
  AWSEC2: a2d751cd48da9735316bb1870eb83b8592f227e6
  AWSElasticLoadBalancing: 569afd311e807514c9105100c8b978373983bca6
  AWSiOSSDKv2: 57ce73d0e0f113c93952a5aeaeec16bf54bcc662
  AWSKinesis: 60ec71d37e1498e8677d5559a8f1777bc37cc0fe
  AWSMobileAnalytics: 926bd6e293f4796faa59697bd380eb21b0484fbe
  AWSS3: 78a5be4417c5fe1d9a1c301b05bbfbb6719d4f18
  AWSSES: 88deab0d0ca1ba7cd987d512f8ad3e0f83cba1c8
  AWSSimpleDB: 89a6f82d45d1858030b5ee6ac7f4a801403df656
  AWSSNS: df046002638a67d879757718d240401317a39646
  AWSSQS: 73d134eb630090ce5ed26882c4a3c621896750ab
  Bolts: 7686a5cb204d1ac54cee26f12d9b7622db3f80d1
  NSPCoreUtils: 57a85bd0ff1ea0a3470fe571e9e8369b5dbcf645

COCOAPODS: 0.38.2
