// !$*UTF8*$!
{
	archiveVersion = 1;
	classes = {
	};
	objectVersion = 46;
	objects = {

/* Begin PBXBuildFile section */
		1B1917281AE694FD00002D8F /* NSPDynamoSyncEntityMigrationPolicy.m in Sources */ = {isa = PBXBuildFile; fileRef = 1B1917251AE694FD00002D8F /* NSPDynamoSyncEntityMigrationPolicy.m */; };
		1B1917291AE694FD00002D8F /* NSPDynamoSyncManager.m in Sources */ = {isa = PBXBuildFile; fileRef = 1B1917271AE694FD00002D8F /* NSPDynamoSyncManager.m */; };
		1B4EBD9C1ACAAD2B00BCC188 /* main.m in Sources */ = {isa = PBXBuildFile; fileRef = 1B4EBD9B1ACAAD2B00BCC188 /* main.m */; };
		1B4EBD9F1ACAAD2B00BCC188 /* AppDelegate.m in Sources */ = {isa = PBXBuildFile; fileRef = 1B4EBD9E1ACAAD2B00BCC188 /* AppDelegate.m */; };
		1B4EBDA21ACAAD2B00BCC188 /* NSPDynamoStore.xcdatamodeld in Sources */ = {isa = PBXBuildFile; fileRef = 1B4EBDA01ACAAD2B00BCC188 /* NSPDynamoStore.xcdatamodeld */; };
		1B4EBDA51ACAAD2B00BCC188 /* ViewController.m in Sources */ = {isa = PBXBuildFile; fileRef = 1B4EBDA41ACAAD2B00BCC188 /* ViewController.m */; };
		1B4EBDA81ACAAD2B00BCC188 /* Main.storyboard in Resources */ = {isa = PBXBuildFile; fileRef = 1B4EBDA61ACAAD2B00BCC188 /* Main.storyboard */; };
		1B4EBDAA1ACAAD2B00BCC188 /* Images.xcassets in Resources */ = {isa = PBXBuildFile; fileRef = 1B4EBDA91ACAAD2B00BCC188 /* Images.xcassets */; };
		1B4EBDAD1ACAAD2B00BCC188 /* LaunchScreen.xib in Resources */ = {isa = PBXBuildFile; fileRef = 1B4EBDAB1ACAAD2B00BCC188 /* LaunchScreen.xib */; };
		1B6B75161ACD928F00F3EE2E /* AWSDynamoDBAttributeValue+NSPDynamoStore.m in Sources */ = {isa = PBXBuildFile; fileRef = 1B6B750D1ACD928F00F3EE2E /* AWSDynamoDBAttributeValue+NSPDynamoStore.m */; };
		1B6B75171ACD928F00F3EE2E /* NSEntityDescription+NSPDynamoStore.m in Sources */ = {isa = PBXBuildFile; fileRef = 1B6B750F1ACD928F00F3EE2E /* NSEntityDescription+NSPDynamoStore.m */; };
		1B6B75181ACD928F00F3EE2E /* NSPDynamoStore.m in Sources */ = {isa = PBXBuildFile; fileRef = 1B6B75111ACD928F00F3EE2E /* NSPDynamoStore.m */; };
		1B6B75191ACD928F00F3EE2E /* NSPDynamoStoreExpression.m in Sources */ = {isa = PBXBuildFile; fileRef = 1B6B75131ACD928F00F3EE2E /* NSPDynamoStoreExpression.m */; };
		1B6B751A1ACD928F00F3EE2E /* NSPropertyDescription+NSPDynamoStore.m in Sources */ = {isa = PBXBuildFile; fileRef = 1B6B75151ACD928F00F3EE2E /* NSPropertyDescription+NSPDynamoStore.m */; };
		1B6B753D1ACE874F00F3EE2E /* NSManagedObjectModel+NSPUtils.m in Sources */ = {isa = PBXBuildFile; fileRef = 1B6B753C1ACE874F00F3EE2E /* NSManagedObjectModel+NSPUtils.m */; };
		1B6B75401ACE8C6D00F3EE2E /* NSPDynamoStoreErrors.m in Sources */ = {isa = PBXBuildFile; fileRef = 1B6B753F1ACE8C6D00F3EE2E /* NSPDynamoStoreErrors.m */; };
		1B8E26531ADE6E3900D33906 /* NSAttributeDescription+NSPDynamoStore.m in Sources */ = {isa = PBXBuildFile; fileRef = 1B8E26521ADE6E3900D33906 /* NSAttributeDescription+NSPDynamoStore.m */; };
		1B8E26561ADE968E00D33906 /* NSPCanopus.xcdatamodeld in Sources */ = {isa = PBXBuildFile; fileRef = 1B8E26541ADE968E00D33906 /* NSPCanopus.xcdatamodeld */; };
		1B8E26591ADE9BFE00D33906 /* NSRelationshipDescription+NSPDynamoStore.m in Sources */ = {isa = PBXBuildFile; fileRef = 1B8E26581ADE9BFE00D33906 /* NSRelationshipDescription+NSPDynamoStore.m */; };
		1B8E26841AE0FC0500D33906 /* NSPTimestampValueTransformer.m in Sources */ = {isa = PBXBuildFile; fileRef = 1B8E26831AE0FC0500D33906 /* NSPTimestampValueTransformer.m */; };
		1B8E26901AE104CB00D33906 /* NSPModelItem.m in Sources */ = {isa = PBXBuildFile; fileRef = 1B8E268F1AE104CB00D33906 /* NSPModelItem.m */; };
		1B8E26931AE104CC00D33906 /* NSPModelTag.m in Sources */ = {isa = PBXBuildFile; fileRef = 1B8E26921AE104CC00D33906 /* NSPModelTag.m */; };
		1B8E26961AE104CC00D33906 /* NSPModelContent.m in Sources */ = {isa = PBXBuildFile; fileRef = 1B8E26951AE104CC00D33906 /* NSPModelContent.m */; };
		1BE406661AE1375600EE4F4B /* NSPDynamoStoreKeyPair.m in Sources */ = {isa = PBXBuildFile; fileRef = 1BE406651AE1375600EE4F4B /* NSPDynamoStoreKeyPair.m */; };
		1BE4066E1AE5461700EE4F4B /* NSPExampleCategory.m in Sources */ = {isa = PBXBuildFile; fileRef = 1BE406691AE5461700EE4F4B /* NSPExampleCategory.m */; };
		1BE4066F1AE5461700EE4F4B /* NSPExampleItem.m in Sources */ = {isa = PBXBuildFile; fileRef = 1BE4066B1AE5461700EE4F4B /* NSPExampleItem.m */; };
		1BE406701AE5461700EE4F4B /* NSPExamplePerson.m in Sources */ = {isa = PBXBuildFile; fileRef = 1BE4066D1AE5461700EE4F4B /* NSPExamplePerson.m */; };
		2FD7126C5691B33A774CF97F /* libPods-NSPDynamoStore.a in Frameworks */ = {isa = PBXBuildFile; fileRef = 81E7E79F12B5FCEF96A2CDE0 /* libPods-NSPDynamoStore.a */; };
/* End PBXBuildFile section */

/* Begin PBXFileReference section */
		1B1917241AE694FD00002D8F /* NSPDynamoSyncEntityMigrationPolicy.h */ = {isa = PBXFileReference; fileEncoding = 4; lastKnownFileType = sourcecode.c.h; path = NSPDynamoSyncEntityMigrationPolicy.h; sourceTree = "<group>"; };
		1B1917251AE694FD00002D8F /* NSPDynamoSyncEntityMigrationPolicy.m */ = {isa = PBXFileReference; fileEncoding = 4; lastKnownFileType = sourcecode.c.objc; path = NSPDynamoSyncEntityMigrationPolicy.m; sourceTree = "<group>"; };
		1B1917261AE694FD00002D8F /* NSPDynamoSyncManager.h */ = {isa = PBXFileReference; fileEncoding = 4; lastKnownFileType = sourcecode.c.h; path = NSPDynamoSyncManager.h; sourceTree = "<group>"; };
		1B1917271AE694FD00002D8F /* NSPDynamoSyncManager.m */ = {isa = PBXFileReference; fileEncoding = 4; lastKnownFileType = sourcecode.c.objc; path = NSPDynamoSyncManager.m; sourceTree = "<group>"; };
		1B4EBD961ACAAD2A00BCC188 /* NSPDynamoStore.app */ = {isa = PBXFileReference; explicitFileType = wrapper.application; includeInIndex = 0; path = NSPDynamoStore.app; sourceTree = BUILT_PRODUCTS_DIR; };
		1B4EBD9A1ACAAD2B00BCC188 /* Info.plist */ = {isa = PBXFileReference; lastKnownFileType = text.plist.xml; path = Info.plist; sourceTree = "<group>"; };
		1B4EBD9B1ACAAD2B00BCC188 /* main.m */ = {isa = PBXFileReference; lastKnownFileType = sourcecode.c.objc; path = main.m; sourceTree = "<group>"; };
		1B4EBD9D1ACAAD2B00BCC188 /* AppDelegate.h */ = {isa = PBXFileReference; lastKnownFileType = sourcecode.c.h; path = AppDelegate.h; sourceTree = "<group>"; };
		1B4EBD9E1ACAAD2B00BCC188 /* AppDelegate.m */ = {isa = PBXFileReference; lastKnownFileType = sourcecode.c.objc; path = AppDelegate.m; sourceTree = "<group>"; };
		1B4EBDA11ACAAD2B00BCC188 /* NSPDynamoStore.xcdatamodel */ = {isa = PBXFileReference; lastKnownFileType = wrapper.xcdatamodel; path = NSPDynamoStore.xcdatamodel; sourceTree = "<group>"; };
		1B4EBDA31ACAAD2B00BCC188 /* ViewController.h */ = {isa = PBXFileReference; lastKnownFileType = sourcecode.c.h; path = ViewController.h; sourceTree = "<group>"; };
		1B4EBDA41ACAAD2B00BCC188 /* ViewController.m */ = {isa = PBXFileReference; lastKnownFileType = sourcecode.c.objc; path = ViewController.m; sourceTree = "<group>"; };
		1B4EBDA71ACAAD2B00BCC188 /* Base */ = {isa = PBXFileReference; lastKnownFileType = file.storyboard; name = Base; path = Base.lproj/Main.storyboard; sourceTree = "<group>"; };
		1B4EBDA91ACAAD2B00BCC188 /* Images.xcassets */ = {isa = PBXFileReference; lastKnownFileType = folder.assetcatalog; path = Images.xcassets; sourceTree = "<group>"; };
		1B4EBDAC1ACAAD2B00BCC188 /* Base */ = {isa = PBXFileReference; lastKnownFileType = file.xib; name = Base; path = Base.lproj/LaunchScreen.xib; sourceTree = "<group>"; };
		1B6B750C1ACD928F00F3EE2E /* AWSDynamoDBAttributeValue+NSPDynamoStore.h */ = {isa = PBXFileReference; fileEncoding = 4; lastKnownFileType = sourcecode.c.h; path = "AWSDynamoDBAttributeValue+NSPDynamoStore.h"; sourceTree = "<group>"; };
		1B6B750D1ACD928F00F3EE2E /* AWSDynamoDBAttributeValue+NSPDynamoStore.m */ = {isa = PBXFileReference; fileEncoding = 4; lastKnownFileType = sourcecode.c.objc; path = "AWSDynamoDBAttributeValue+NSPDynamoStore.m"; sourceTree = "<group>"; };
		1B6B750E1ACD928F00F3EE2E /* NSEntityDescription+NSPDynamoStore.h */ = {isa = PBXFileReference; fileEncoding = 4; lastKnownFileType = sourcecode.c.h; path = "NSEntityDescription+NSPDynamoStore.h"; sourceTree = "<group>"; };
		1B6B750F1ACD928F00F3EE2E /* NSEntityDescription+NSPDynamoStore.m */ = {isa = PBXFileReference; fileEncoding = 4; lastKnownFileType = sourcecode.c.objc; path = "NSEntityDescription+NSPDynamoStore.m"; sourceTree = "<group>"; };
		1B6B75101ACD928F00F3EE2E /* NSPDynamoStore.h */ = {isa = PBXFileReference; fileEncoding = 4; lastKnownFileType = sourcecode.c.h; path = NSPDynamoStore.h; sourceTree = "<group>"; };
		1B6B75111ACD928F00F3EE2E /* NSPDynamoStore.m */ = {isa = PBXFileReference; fileEncoding = 4; lastKnownFileType = sourcecode.c.objc; path = NSPDynamoStore.m; sourceTree = "<group>"; };
		1B6B75121ACD928F00F3EE2E /* NSPDynamoStoreExpression.h */ = {isa = PBXFileReference; fileEncoding = 4; lastKnownFileType = sourcecode.c.h; path = NSPDynamoStoreExpression.h; sourceTree = "<group>"; };
		1B6B75131ACD928F00F3EE2E /* NSPDynamoStoreExpression.m */ = {isa = PBXFileReference; fileEncoding = 4; lastKnownFileType = sourcecode.c.objc; path = NSPDynamoStoreExpression.m; sourceTree = "<group>"; };
		1B6B75141ACD928F00F3EE2E /* NSPropertyDescription+NSPDynamoStore.h */ = {isa = PBXFileReference; fileEncoding = 4; lastKnownFileType = sourcecode.c.h; path = "NSPropertyDescription+NSPDynamoStore.h"; sourceTree = "<group>"; };
		1B6B75151ACD928F00F3EE2E /* NSPropertyDescription+NSPDynamoStore.m */ = {isa = PBXFileReference; fileEncoding = 4; lastKnownFileType = sourcecode.c.objc; path = "NSPropertyDescription+NSPDynamoStore.m"; sourceTree = "<group>"; };
		1B6B753B1ACE874F00F3EE2E /* NSManagedObjectModel+NSPUtils.h */ = {isa = PBXFileReference; fileEncoding = 4; lastKnownFileType = sourcecode.c.h; path = "NSManagedObjectModel+NSPUtils.h"; sourceTree = "<group>"; };
		1B6B753C1ACE874F00F3EE2E /* NSManagedObjectModel+NSPUtils.m */ = {isa = PBXFileReference; fileEncoding = 4; lastKnownFileType = sourcecode.c.objc; path = "NSManagedObjectModel+NSPUtils.m"; sourceTree = "<group>"; };
		1B6B753E1ACE8C6D00F3EE2E /* NSPDynamoStoreErrors.h */ = {isa = PBXFileReference; fileEncoding = 4; lastKnownFileType = sourcecode.c.h; path = NSPDynamoStoreErrors.h; sourceTree = "<group>"; };
		1B6B753F1ACE8C6D00F3EE2E /* NSPDynamoStoreErrors.m */ = {isa = PBXFileReference; fileEncoding = 4; lastKnownFileType = sourcecode.c.objc; path = NSPDynamoStoreErrors.m; sourceTree = "<group>"; };
		1B8E26511ADE6E3900D33906 /* NSAttributeDescription+NSPDynamoStore.h */ = {isa = PBXFileReference; fileEncoding = 4; lastKnownFileType = sourcecode.c.h; path = "NSAttributeDescription+NSPDynamoStore.h"; sourceTree = "<group>"; };
		1B8E26521ADE6E3900D33906 /* NSAttributeDescription+NSPDynamoStore.m */ = {isa = PBXFileReference; fileEncoding = 4; lastKnownFileType = sourcecode.c.objc; path = "NSAttributeDescription+NSPDynamoStore.m"; sourceTree = "<group>"; };
		1B8E26551ADE968E00D33906 /* NSPCanopus.xcdatamodel */ = {isa = PBXFileReference; lastKnownFileType = wrapper.xcdatamodel; path = NSPCanopus.xcdatamodel; sourceTree = "<group>"; };
		1B8E26571ADE9BFE00D33906 /* NSRelationshipDescription+NSPDynamoStore.h */ = {isa = PBXFileReference; fileEncoding = 4; lastKnownFileType = sourcecode.c.h; path = "NSRelationshipDescription+NSPDynamoStore.h"; sourceTree = "<group>"; };
		1B8E26581ADE9BFE00D33906 /* NSRelationshipDescription+NSPDynamoStore.m */ = {isa = PBXFileReference; fileEncoding = 4; lastKnownFileType = sourcecode.c.objc; path = "NSRelationshipDescription+NSPDynamoStore.m"; sourceTree = "<group>"; };
		1B8E266D1AE0183200D33906 /* NSPModel.h */ = {isa = PBXFileReference; fileEncoding = 4; lastKnownFileType = sourcecode.c.h; path = NSPModel.h; sourceTree = "<group>"; };
		1B8E26821AE0FC0500D33906 /* NSPTimestampValueTransformer.h */ = {isa = PBXFileReference; fileEncoding = 4; lastKnownFileType = sourcecode.c.h; path = NSPTimestampValueTransformer.h; sourceTree = "<group>"; };
		1B8E26831AE0FC0500D33906 /* NSPTimestampValueTransformer.m */ = {isa = PBXFileReference; fileEncoding = 4; lastKnownFileType = sourcecode.c.objc; path = NSPTimestampValueTransformer.m; sourceTree = "<group>"; };
		1B8E268E1AE104CB00D33906 /* NSPModelItem.h */ = {isa = PBXFileReference; fileEncoding = 4; lastKnownFileType = sourcecode.c.h; path = NSPModelItem.h; sourceTree = "<group>"; };
		1B8E268F1AE104CB00D33906 /* NSPModelItem.m */ = {isa = PBXFileReference; fileEncoding = 4; lastKnownFileType = sourcecode.c.objc; path = NSPModelItem.m; sourceTree = "<group>"; };
		1B8E26911AE104CC00D33906 /* NSPModelTag.h */ = {isa = PBXFileReference; fileEncoding = 4; lastKnownFileType = sourcecode.c.h; path = NSPModelTag.h; sourceTree = "<group>"; };
		1B8E26921AE104CC00D33906 /* NSPModelTag.m */ = {isa = PBXFileReference; fileEncoding = 4; lastKnownFileType = sourcecode.c.objc; path = NSPModelTag.m; sourceTree = "<group>"; };
		1B8E26941AE104CC00D33906 /* NSPModelContent.h */ = {isa = PBXFileReference; fileEncoding = 4; lastKnownFileType = sourcecode.c.h; path = NSPModelContent.h; sourceTree = "<group>"; };
		1B8E26951AE104CC00D33906 /* NSPModelContent.m */ = {isa = PBXFileReference; fileEncoding = 4; lastKnownFileType = sourcecode.c.objc; path = NSPModelContent.m; sourceTree = "<group>"; };
		1BE406641AE1375600EE4F4B /* NSPDynamoStoreKeyPair.h */ = {isa = PBXFileReference; fileEncoding = 4; lastKnownFileType = sourcecode.c.h; path = NSPDynamoStoreKeyPair.h; sourceTree = "<group>"; };
		1BE406651AE1375600EE4F4B /* NSPDynamoStoreKeyPair.m */ = {isa = PBXFileReference; fileEncoding = 4; lastKnownFileType = sourcecode.c.objc; path = NSPDynamoStoreKeyPair.m; sourceTree = "<group>"; };
		1BE406681AE5461700EE4F4B /* NSPExampleCategory.h */ = {isa = PBXFileReference; fileEncoding = 4; lastKnownFileType = sourcecode.c.h; path = NSPExampleCategory.h; sourceTree = "<group>"; };
		1BE406691AE5461700EE4F4B /* NSPExampleCategory.m */ = {isa = PBXFileReference; fileEncoding = 4; lastKnownFileType = sourcecode.c.objc; path = NSPExampleCategory.m; sourceTree = "<group>"; };
		1BE4066A1AE5461700EE4F4B /* NSPExampleItem.h */ = {isa = PBXFileReference; fileEncoding = 4; lastKnownFileType = sourcecode.c.h; path = NSPExampleItem.h; sourceTree = "<group>"; };
		1BE4066B1AE5461700EE4F4B /* NSPExampleItem.m */ = {isa = PBXFileReference; fileEncoding = 4; lastKnownFileType = sourcecode.c.objc; path = NSPExampleItem.m; sourceTree = "<group>"; };
		1BE4066C1AE5461700EE4F4B /* NSPExamplePerson.h */ = {isa = PBXFileReference; fileEncoding = 4; lastKnownFileType = sourcecode.c.h; path = NSPExamplePerson.h; sourceTree = "<group>"; };
		1BE4066D1AE5461700EE4F4B /* NSPExamplePerson.m */ = {isa = PBXFileReference; fileEncoding = 4; lastKnownFileType = sourcecode.c.objc; path = NSPExamplePerson.m; sourceTree = "<group>"; };
		6AA7DF1A53149253BE8BD47A /* Pods-NSPDynamoStore.debug.xcconfig */ = {isa = PBXFileReference; includeInIndex = 1; lastKnownFileType = text.xcconfig; name = "Pods-NSPDynamoStore.debug.xcconfig"; path = "Pods/Target Support Files/Pods-NSPDynamoStore/Pods-NSPDynamoStore.debug.xcconfig"; sourceTree = "<group>"; };
		81E7E79F12B5FCEF96A2CDE0 /* libPods-NSPDynamoStore.a */ = {isa = PBXFileReference; explicitFileType = archive.ar; includeInIndex = 0; path = "libPods-NSPDynamoStore.a"; sourceTree = BUILT_PRODUCTS_DIR; };
		F90992F0DDCC886C9EF12A58 /* Pods-NSPDynamoStore.release.xcconfig */ = {isa = PBXFileReference; includeInIndex = 1; lastKnownFileType = text.xcconfig; name = "Pods-NSPDynamoStore.release.xcconfig"; path = "Pods/Target Support Files/Pods-NSPDynamoStore/Pods-NSPDynamoStore.release.xcconfig"; sourceTree = "<group>"; };
/* End PBXFileReference section */

/* Begin PBXFrameworksBuildPhase section */
		1B4EBD931ACAAD2A00BCC188 /* Frameworks */ = {
			isa = PBXFrameworksBuildPhase;
			buildActionMask = 2147483647;
			files = (
				2FD7126C5691B33A774CF97F /* libPods-NSPDynamoStore.a in Frameworks */,
			);
			runOnlyForDeploymentPostprocessing = 0;
		};
/* End PBXFrameworksBuildPhase section */

/* Begin PBXGroup section */
		1B1917231AE694FD00002D8F /* NSPDynamoSync */ = {
			isa = PBXGroup;
			children = (
				1B1917241AE694FD00002D8F /* NSPDynamoSyncEntityMigrationPolicy.h */,
				1B1917251AE694FD00002D8F /* NSPDynamoSyncEntityMigrationPolicy.m */,
				1B1917261AE694FD00002D8F /* NSPDynamoSyncManager.h */,
				1B1917271AE694FD00002D8F /* NSPDynamoSyncManager.m */,
			);
			path = NSPDynamoSync;
			sourceTree = "<group>";
		};
		1B4EBD8D1ACAAD2A00BCC188 = {
			isa = PBXGroup;
			children = (
				1B4EBD981ACAAD2A00BCC188 /* NSPDynamoStore */,
				1B4EBD971ACAAD2A00BCC188 /* Products */,
				9F9D6B0A2988E4A953FA0921 /* Pods */,
				A83FDCD654D335882321FB98 /* Frameworks */,
			);
			sourceTree = "<group>";
		};
		1B4EBD971ACAAD2A00BCC188 /* Products */ = {
			isa = PBXGroup;
			children = (
				1B4EBD961ACAAD2A00BCC188 /* NSPDynamoStore.app */,
			);
			name = Products;
			sourceTree = "<group>";
		};
		1B4EBD981ACAAD2A00BCC188 /* NSPDynamoStore */ = {
			isa = PBXGroup;
			children = (
				1B1917231AE694FD00002D8F /* NSPDynamoSync */,
				1BE406671AE5461700EE4F4B /* NSPExampleModel */,
				1B8E26631AE0174600D33906 /* NSPModel */,
				1B8E26541ADE968E00D33906 /* NSPCanopus.xcdatamodeld */,
				1B6B750B1ACD928F00F3EE2E /* NSPDynamoStore */,
				1B4EBD9D1ACAAD2B00BCC188 /* AppDelegate.h */,
				1B4EBD9E1ACAAD2B00BCC188 /* AppDelegate.m */,
				1B4EBDA31ACAAD2B00BCC188 /* ViewController.h */,
				1B4EBDA41ACAAD2B00BCC188 /* ViewController.m */,
				1B4EBDA61ACAAD2B00BCC188 /* Main.storyboard */,
				1B4EBDA91ACAAD2B00BCC188 /* Images.xcassets */,
				1B4EBDAB1ACAAD2B00BCC188 /* LaunchScreen.xib */,
				1B4EBDA01ACAAD2B00BCC188 /* NSPDynamoStore.xcdatamodeld */,
				1B4EBD991ACAAD2B00BCC188 /* Supporting Files */,
				1B6B753B1ACE874F00F3EE2E /* NSManagedObjectModel+NSPUtils.h */,
				1B6B753C1ACE874F00F3EE2E /* NSManagedObjectModel+NSPUtils.m */,
				1B8E26821AE0FC0500D33906 /* NSPTimestampValueTransformer.h */,
				1B8E26831AE0FC0500D33906 /* NSPTimestampValueTransformer.m */,
			);
			path = NSPDynamoStore;
			sourceTree = "<group>";
		};
		1B4EBD991ACAAD2B00BCC188 /* Supporting Files */ = {
			isa = PBXGroup;
			children = (
				1B4EBD9A1ACAAD2B00BCC188 /* Info.plist */,
				1B4EBD9B1ACAAD2B00BCC188 /* main.m */,
			);
			name = "Supporting Files";
			sourceTree = "<group>";
		};
		1B6B750B1ACD928F00F3EE2E /* NSPDynamoStore */ = {
			isa = PBXGroup;
			children = (
				1B6B75101ACD928F00F3EE2E /* NSPDynamoStore.h */,
				1B6B75111ACD928F00F3EE2E /* NSPDynamoStore.m */,
				1B6B750C1ACD928F00F3EE2E /* AWSDynamoDBAttributeValue+NSPDynamoStore.h */,
				1B6B750D1ACD928F00F3EE2E /* AWSDynamoDBAttributeValue+NSPDynamoStore.m */,
				1B6B750E1ACD928F00F3EE2E /* NSEntityDescription+NSPDynamoStore.h */,
				1B6B750F1ACD928F00F3EE2E /* NSEntityDescription+NSPDynamoStore.m */,
				1B6B75121ACD928F00F3EE2E /* NSPDynamoStoreExpression.h */,
				1B6B75131ACD928F00F3EE2E /* NSPDynamoStoreExpression.m */,
				1B6B75141ACD928F00F3EE2E /* NSPropertyDescription+NSPDynamoStore.h */,
				1B6B75151ACD928F00F3EE2E /* NSPropertyDescription+NSPDynamoStore.m */,
				1B6B753E1ACE8C6D00F3EE2E /* NSPDynamoStoreErrors.h */,
				1B6B753F1ACE8C6D00F3EE2E /* NSPDynamoStoreErrors.m */,
				1B8E26511ADE6E3900D33906 /* NSAttributeDescription+NSPDynamoStore.h */,
				1B8E26521ADE6E3900D33906 /* NSAttributeDescription+NSPDynamoStore.m */,
				1B8E26571ADE9BFE00D33906 /* NSRelationshipDescription+NSPDynamoStore.h */,
				1B8E26581ADE9BFE00D33906 /* NSRelationshipDescription+NSPDynamoStore.m */,
				1BE406641AE1375600EE4F4B /* NSPDynamoStoreKeyPair.h */,
				1BE406651AE1375600EE4F4B /* NSPDynamoStoreKeyPair.m */,
			);
			path = NSPDynamoStore;
			sourceTree = "<group>";
		};
		1B8E26631AE0174600D33906 /* NSPModel */ = {
			isa = PBXGroup;
			children = (
				1B8E26941AE104CC00D33906 /* NSPModelContent.h */,
				1B8E26951AE104CC00D33906 /* NSPModelContent.m */,
				1B8E26911AE104CC00D33906 /* NSPModelTag.h */,
				1B8E26921AE104CC00D33906 /* NSPModelTag.m */,
				1B8E268E1AE104CB00D33906 /* NSPModelItem.h */,
				1B8E268F1AE104CB00D33906 /* NSPModelItem.m */,
				1B8E266D1AE0183200D33906 /* NSPModel.h */,
			);
			path = NSPModel;
			sourceTree = "<group>";
		};
		1BE406671AE5461700EE4F4B /* NSPExampleModel */ = {
			isa = PBXGroup;
			children = (
				1BE406681AE5461700EE4F4B /* NSPExampleCategory.h */,
				1BE406691AE5461700EE4F4B /* NSPExampleCategory.m */,
				1BE4066A1AE5461700EE4F4B /* NSPExampleItem.h */,
				1BE4066B1AE5461700EE4F4B /* NSPExampleItem.m */,
				1BE4066C1AE5461700EE4F4B /* NSPExamplePerson.h */,
				1BE4066D1AE5461700EE4F4B /* NSPExamplePerson.m */,
			);
			path = NSPExampleModel;
			sourceTree = "<group>";
		};
		9F9D6B0A2988E4A953FA0921 /* Pods */ = {
			isa = PBXGroup;
			children = (
				6AA7DF1A53149253BE8BD47A /* Pods-NSPDynamoStore.debug.xcconfig */,
				F90992F0DDCC886C9EF12A58 /* Pods-NSPDynamoStore.release.xcconfig */,
			);
			name = Pods;
			sourceTree = "<group>";
		};
		A83FDCD654D335882321FB98 /* Frameworks */ = {
			isa = PBXGroup;
			children = (
				81E7E79F12B5FCEF96A2CDE0 /* libPods-NSPDynamoStore.a */,
			);
			name = Frameworks;
			sourceTree = "<group>";
		};
/* End PBXGroup section */

/* Begin PBXNativeTarget section */
		1B4EBD951ACAAD2A00BCC188 /* NSPDynamoStore */ = {
			isa = PBXNativeTarget;
			buildConfigurationList = 1B4EBDBC1ACAAD2B00BCC188 /* Build configuration list for PBXNativeTarget "NSPDynamoStore" */;
			buildPhases = (
				11D63B90C5A29671A19B70F2 /* Check Pods Manifest.lock */,
				1B4EBD921ACAAD2A00BCC188 /* Sources */,
				1B4EBD931ACAAD2A00BCC188 /* Frameworks */,
				1B4EBD941ACAAD2A00BCC188 /* Resources */,
				5E4E6D4721E6216CEB541FBA /* Copy Pods Resources */,
			);
			buildRules = (
			);
			dependencies = (
			);
			name = NSPDynamoStore;
			productName = NSPDynamoStore;
			productReference = 1B4EBD961ACAAD2A00BCC188 /* NSPDynamoStore.app */;
			productType = "com.apple.product-type.application";
		};
/* End PBXNativeTarget section */

/* Begin PBXProject section */
		1B4EBD8E1ACAAD2A00BCC188 /* Project object */ = {
			isa = PBXProject;
			attributes = {
				LastUpgradeCheck = 0620;
				ORGANIZATIONNAME = "Neosperience SpA";
				TargetAttributes = {
					1B4EBD951ACAAD2A00BCC188 = {
						CreatedOnToolsVersion = 6.2;
					};
				};
			};
			buildConfigurationList = 1B4EBD911ACAAD2A00BCC188 /* Build configuration list for PBXProject "NSPDynamoStore" */;
			compatibilityVersion = "Xcode 3.2";
			developmentRegion = English;
			hasScannedForEncodings = 0;
			knownRegions = (
				en,
				Base,
			);
			mainGroup = 1B4EBD8D1ACAAD2A00BCC188;
			productRefGroup = 1B4EBD971ACAAD2A00BCC188 /* Products */;
			projectDirPath = "";
			projectRoot = "";
			targets = (
				1B4EBD951ACAAD2A00BCC188 /* NSPDynamoStore */,
			);
		};
/* End PBXProject section */

/* Begin PBXResourcesBuildPhase section */
		1B4EBD941ACAAD2A00BCC188 /* Resources */ = {
			isa = PBXResourcesBuildPhase;
			buildActionMask = 2147483647;
			files = (
				1B4EBDA81ACAAD2B00BCC188 /* Main.storyboard in Resources */,
				1B4EBDAD1ACAAD2B00BCC188 /* LaunchScreen.xib in Resources */,
				1B4EBDAA1ACAAD2B00BCC188 /* Images.xcassets in Resources */,
			);
			runOnlyForDeploymentPostprocessing = 0;
		};
/* End PBXResourcesBuildPhase section */

/* Begin PBXShellScriptBuildPhase section */
		11D63B90C5A29671A19B70F2 /* Check Pods Manifest.lock */ = {
			isa = PBXShellScriptBuildPhase;
			buildActionMask = 2147483647;
			files = (
			);
			inputPaths = (
			);
			name = "Check Pods Manifest.lock";
			outputPaths = (
			);
			runOnlyForDeploymentPostprocessing = 0;
			shellPath = /bin/sh;
			shellScript = "diff \"${PODS_ROOT}/../Podfile.lock\" \"${PODS_ROOT}/Manifest.lock\" > /dev/null\nif [[ $? != 0 ]] ; then\n    cat << EOM\nerror: The sandbox is not in sync with the Podfile.lock. Run 'pod install' or update your CocoaPods installation.\nEOM\n    exit 1\nfi\n";
			showEnvVarsInLog = 0;
		};
		5E4E6D4721E6216CEB541FBA /* Copy Pods Resources */ = {
			isa = PBXShellScriptBuildPhase;
			buildActionMask = 2147483647;
			files = (
			);
			inputPaths = (
			);
			name = "Copy Pods Resources";
			outputPaths = (
			);
			runOnlyForDeploymentPostprocessing = 0;
			shellPath = /bin/sh;
			shellScript = "\"${SRCROOT}/Pods/Target Support Files/Pods-NSPDynamoStore/Pods-NSPDynamoStore-resources.sh\"\n";
			showEnvVarsInLog = 0;
		};
/* End PBXShellScriptBuildPhase section */

/* Begin PBXSourcesBuildPhase section */
		1B4EBD921ACAAD2A00BCC188 /* Sources */ = {
			isa = PBXSourcesBuildPhase;
			buildActionMask = 2147483647;
			files = (
				1B1917291AE694FD00002D8F /* NSPDynamoSyncManager.m in Sources */,
				1B8E26591ADE9BFE00D33906 /* NSRelationshipDescription+NSPDynamoStore.m in Sources */,
				1B6B751A1ACD928F00F3EE2E /* NSPropertyDescription+NSPDynamoStore.m in Sources */,
				1B8E26901AE104CB00D33906 /* NSPModelItem.m in Sources */,
				1B4EBD9F1ACAAD2B00BCC188 /* AppDelegate.m in Sources */,
				1B6B75161ACD928F00F3EE2E /* AWSDynamoDBAttributeValue+NSPDynamoStore.m in Sources */,
				1BE4066E1AE5461700EE4F4B /* NSPExampleCategory.m in Sources */,
				1B1917281AE694FD00002D8F /* NSPDynamoSyncEntityMigrationPolicy.m in Sources */,
				1B6B75401ACE8C6D00F3EE2E /* NSPDynamoStoreErrors.m in Sources */,
				1B8E26841AE0FC0500D33906 /* NSPTimestampValueTransformer.m in Sources */,
				1B8E26561ADE968E00D33906 /* NSPCanopus.xcdatamodeld in Sources */,
				1B8E26961AE104CC00D33906 /* NSPModelContent.m in Sources */,
				1B4EBDA21ACAAD2B00BCC188 /* NSPDynamoStore.xcdatamodeld in Sources */,
				1B8E26931AE104CC00D33906 /* NSPModelTag.m in Sources */,
				1BE406701AE5461700EE4F4B /* NSPExamplePerson.m in Sources */,
				1BE4066F1AE5461700EE4F4B /* NSPExampleItem.m in Sources */,
				1BE406661AE1375600EE4F4B /* NSPDynamoStoreKeyPair.m in Sources */,
				1B6B75181ACD928F00F3EE2E /* NSPDynamoStore.m in Sources */,
				1B8E26531ADE6E3900D33906 /* NSAttributeDescription+NSPDynamoStore.m in Sources */,
				1B4EBDA51ACAAD2B00BCC188 /* ViewController.m in Sources */,
				1B4EBD9C1ACAAD2B00BCC188 /* main.m in Sources */,
				1B6B753D1ACE874F00F3EE2E /* NSManagedObjectModel+NSPUtils.m in Sources */,
				1B6B75171ACD928F00F3EE2E /* NSEntityDescription+NSPDynamoStore.m in Sources */,
				1B6B75191ACD928F00F3EE2E /* NSPDynamoStoreExpression.m in Sources */,
			);
			runOnlyForDeploymentPostprocessing = 0;
		};
/* End PBXSourcesBuildPhase section */

/* Begin PBXVariantGroup section */
		1B4EBDA61ACAAD2B00BCC188 /* Main.storyboard */ = {
			isa = PBXVariantGroup;
			children = (
				1B4EBDA71ACAAD2B00BCC188 /* Base */,
			);
			name = Main.storyboard;
			sourceTree = "<group>";
		};
		1B4EBDAB1ACAAD2B00BCC188 /* LaunchScreen.xib */ = {
			isa = PBXVariantGroup;
			children = (
				1B4EBDAC1ACAAD2B00BCC188 /* Base */,
			);
			name = LaunchScreen.xib;
			sourceTree = "<group>";
		};
/* End PBXVariantGroup section */

/* Begin XCBuildConfiguration section */
		1B4EBDBA1ACAAD2B00BCC188 /* Debug */ = {
			isa = XCBuildConfiguration;
			buildSettings = {
				ALWAYS_SEARCH_USER_PATHS = NO;
				CLANG_CXX_LANGUAGE_STANDARD = "gnu++0x";
				CLANG_CXX_LIBRARY = "libc++";
				CLANG_ENABLE_MODULES = YES;
				CLANG_ENABLE_OBJC_ARC = YES;
				CLANG_WARN_BOOL_CONVERSION = YES;
				CLANG_WARN_CONSTANT_CONVERSION = YES;
				CLANG_WARN_DIRECT_OBJC_ISA_USAGE = YES_ERROR;
				CLANG_WARN_EMPTY_BODY = YES;
				CLANG_WARN_ENUM_CONVERSION = YES;
				CLANG_WARN_INT_CONVERSION = YES;
				CLANG_WARN_OBJC_ROOT_CLASS = YES_ERROR;
				CLANG_WARN_UNREACHABLE_CODE = YES;
				CLANG_WARN__DUPLICATE_METHOD_MATCH = YES;
				"CODE_SIGN_IDENTITY[sdk=iphoneos*]" = "iPhone Developer";
				COPY_PHASE_STRIP = NO;
				ENABLE_STRICT_OBJC_MSGSEND = YES;
				GCC_C_LANGUAGE_STANDARD = gnu99;
				GCC_DYNAMIC_NO_PIC = NO;
				GCC_OPTIMIZATION_LEVEL = 0;
				GCC_PREPROCESSOR_DEFINITIONS = (
					"DEBUG=1",
					"$(inherited)",
				);
				GCC_SYMBOLS_PRIVATE_EXTERN = NO;
				GCC_WARN_64_TO_32_BIT_CONVERSION = YES;
				GCC_WARN_ABOUT_RETURN_TYPE = YES_ERROR;
				GCC_WARN_UNDECLARED_SELECTOR = YES;
				GCC_WARN_UNINITIALIZED_AUTOS = YES_AGGRESSIVE;
				GCC_WARN_UNUSED_FUNCTION = YES;
				GCC_WARN_UNUSED_VARIABLE = YES;
				IPHONEOS_DEPLOYMENT_TARGET = 8.2;
				MTL_ENABLE_DEBUG_INFO = YES;
				ONLY_ACTIVE_ARCH = YES;
				SDKROOT = iphoneos;
				TARGETED_DEVICE_FAMILY = "1,2";
			};
			name = Debug;
		};
		1B4EBDBB1ACAAD2B00BCC188 /* Release */ = {
			isa = XCBuildConfiguration;
			buildSettings = {
				ALWAYS_SEARCH_USER_PATHS = NO;
				CLANG_CXX_LANGUAGE_STANDARD = "gnu++0x";
				CLANG_CXX_LIBRARY = "libc++";
				CLANG_ENABLE_MODULES = YES;
				CLANG_ENABLE_OBJC_ARC = YES;
				CLANG_WARN_BOOL_CONVERSION = YES;
				CLANG_WARN_CONSTANT_CONVERSION = YES;
				CLANG_WARN_DIRECT_OBJC_ISA_USAGE = YES_ERROR;
				CLANG_WARN_EMPTY_BODY = YES;
				CLANG_WARN_ENUM_CONVERSION = YES;
				CLANG_WARN_INT_CONVERSION = YES;
				CLANG_WARN_OBJC_ROOT_CLASS = YES_ERROR;
				CLANG_WARN_UNREACHABLE_CODE = YES;
				CLANG_WARN__DUPLICATE_METHOD_MATCH = YES;
				"CODE_SIGN_IDENTITY[sdk=iphoneos*]" = "iPhone Developer";
				COPY_PHASE_STRIP = NO;
				ENABLE_NS_ASSERTIONS = NO;
				ENABLE_STRICT_OBJC_MSGSEND = YES;
				GCC_C_LANGUAGE_STANDARD = gnu99;
				GCC_WARN_64_TO_32_BIT_CONVERSION = YES;
				GCC_WARN_ABOUT_RETURN_TYPE = YES_ERROR;
				GCC_WARN_UNDECLARED_SELECTOR = YES;
				GCC_WARN_UNINITIALIZED_AUTOS = YES_AGGRESSIVE;
				GCC_WARN_UNUSED_FUNCTION = YES;
				GCC_WARN_UNUSED_VARIABLE = YES;
				IPHONEOS_DEPLOYMENT_TARGET = 8.2;
				MTL_ENABLE_DEBUG_INFO = NO;
				SDKROOT = iphoneos;
				TARGETED_DEVICE_FAMILY = "1,2";
				VALIDATE_PRODUCT = YES;
			};
			name = Release;
		};
		1B4EBDBD1ACAAD2B00BCC188 /* Debug */ = {
			isa = XCBuildConfiguration;
			baseConfigurationReference = 6AA7DF1A53149253BE8BD47A /* Pods-NSPDynamoStore.debug.xcconfig */;
			buildSettings = {
				ASSETCATALOG_COMPILER_APPICON_NAME = AppIcon;
				INFOPLIST_FILE = NSPDynamoStore/Info.plist;
				IPHONEOS_DEPLOYMENT_TARGET = 8.0;
				LD_RUNPATH_SEARCH_PATHS = "$(inherited) @executable_path/Frameworks";
				PRODUCT_NAME = "$(TARGET_NAME)";
			};
			name = Debug;
		};
		1B4EBDBE1ACAAD2B00BCC188 /* Release */ = {
			isa = XCBuildConfiguration;
			baseConfigurationReference = F90992F0DDCC886C9EF12A58 /* Pods-NSPDynamoStore.release.xcconfig */;
			buildSettings = {
				ASSETCATALOG_COMPILER_APPICON_NAME = AppIcon;
				INFOPLIST_FILE = NSPDynamoStore/Info.plist;
				IPHONEOS_DEPLOYMENT_TARGET = 8.0;
				LD_RUNPATH_SEARCH_PATHS = "$(inherited) @executable_path/Frameworks";
				PRODUCT_NAME = "$(TARGET_NAME)";
			};
			name = Release;
		};
/* End XCBuildConfiguration section */

/* Begin XCConfigurationList section */
		1B4EBD911ACAAD2A00BCC188 /* Build configuration list for PBXProject "NSPDynamoStore" */ = {
			isa = XCConfigurationList;
			buildConfigurations = (
				1B4EBDBA1ACAAD2B00BCC188 /* Debug */,
				1B4EBDBB1ACAAD2B00BCC188 /* Release */,
			);
			defaultConfigurationIsVisible = 0;
			defaultConfigurationName = Release;
		};
		1B4EBDBC1ACAAD2B00BCC188 /* Build configuration list for PBXNativeTarget "NSPDynamoStore" */ = {
			isa = XCConfigurationList;
			buildConfigurations = (
				1B4EBDBD1ACAAD2B00BCC188 /* Debug */,
				1B4EBDBE1ACAAD2B00BCC188 /* Release */,
			);
			defaultConfigurationIsVisible = 0;
			defaultConfigurationName = Release;
		};
/* End XCConfigurationList section */

/* Begin XCVersionGroup section */
		1B4EBDA01ACAAD2B00BCC188 /* NSPDynamoStore.xcdatamodeld */ = {
			isa = XCVersionGroup;
			children = (
				1B4EBDA11ACAAD2B00BCC188 /* NSPDynamoStore.xcdatamodel */,
			);
			currentVersion = 1B4EBDA11ACAAD2B00BCC188 /* NSPDynamoStore.xcdatamodel */;
			path = NSPDynamoStore.xcdatamodeld;
			sourceTree = "<group>";
			versionGroupType = wrapper.xcdatamodel;
		};
		1B8E26541ADE968E00D33906 /* NSPCanopus.xcdatamodeld */ = {
			isa = XCVersionGroup;
			children = (
				1B8E26551ADE968E00D33906 /* NSPCanopus.xcdatamodel */,
			);
			currentVersion = 1B8E26551ADE968E00D33906 /* NSPCanopus.xcdatamodel */;
			path = NSPCanopus.xcdatamodeld;
			sourceTree = "<group>";
			versionGroupType = wrapper.xcdatamodel;
		};
/* End XCVersionGroup section */
	};
	rootObject = 1B4EBD8E1ACAAD2A00BCC188 /* Project object */;
}
